// !$*UTF8*$!
{
	archiveVersion = 1;
	classes = {
	};
	objectVersion = 46;
	objects = {

/* Begin PBXBuildFile section */
		EA01FE261943B49300A2224B /* AppDelegate.swift in Sources */ = {isa = PBXBuildFile; fileRef = EA01FE251943B49300A2224B /* AppDelegate.swift */; };
		EA01FE2B1943B49300A2224B /* Main.storyboard in Resources */ = {isa = PBXBuildFile; fileRef = EA01FE291943B49300A2224B /* Main.storyboard */; };
		EA01FE2D1943B49300A2224B /* Images.xcassets in Resources */ = {isa = PBXBuildFile; fileRef = EA01FE2C1943B49300A2224B /* Images.xcassets */; };
		EA01FE391943B49300A2224B /* SpeakSwiftTests.swift in Sources */ = {isa = PBXBuildFile; fileRef = EA01FE381943B49300A2224B /* SpeakSwiftTests.swift */; };
		EA01FE451943B66B00A2224B /* SSMainViewController.swift in Sources */ = {isa = PBXBuildFile; fileRef = EA01FE441943B66B00A2224B /* SSMainViewController.swift */; };
		EA01FE471943B69B00A2224B /* SSRootNavigationController.swift in Sources */ = {isa = PBXBuildFile; fileRef = EA01FE461943B69B00A2224B /* SSRootNavigationController.swift */; };
		EA327A941943D43C008F3BC3 /* SSDataManager.swift in Sources */ = {isa = PBXBuildFile; fileRef = EA327A931943D43C008F3BC3 /* SSDataManager.swift */; };
		EA327A961943D7CE008F3BC3 /* SSSpeechObject.swift in Sources */ = {isa = PBXBuildFile; fileRef = EA327A951943D7CD008F3BC3 /* SSSpeechObject.swift */; };
		EA327AC61945FD66008F3BC3 /* SSSpeechManager.swift in Sources */ = {isa = PBXBuildFile; fileRef = EA327AC51945FD66008F3BC3 /* SSSpeechManager.swift */; };
		EA327AC819460FA2008F3BC3 /* SSSavedSpeechObjectsTableViewController.swift in Sources */ = {isa = PBXBuildFile; fileRef = EA327AC719460FA2008F3BC3 /* SSSavedSpeechObjectsTableViewController.swift */; };
		EA40CD2D194930620033D0E1 /* SSSavedSpeechTableViewCell.swift in Sources */ = {isa = PBXBuildFile; fileRef = EA40CD2C194930620033D0E1 /* SSSavedSpeechTableViewCell.swift */; };
		EA90E6161950F34000E05D2E /* UIViewPositioningExtension.swift in Sources */ = {isa = PBXBuildFile; fileRef = EA90E6151950F34000E05D2E /* UIViewPositioningExtension.swift */; };
/* End PBXBuildFile section */

/* Begin PBXContainerItemProxy section */
		EA01FE331943B49300A2224B /* PBXContainerItemProxy */ = {
			isa = PBXContainerItemProxy;
			containerPortal = EA01FE181943B49300A2224B /* Project object */;
			proxyType = 1;
			remoteGlobalIDString = EA01FE1F1943B49300A2224B;
			remoteInfo = SpeakSwift;
		};
/* End PBXContainerItemProxy section */

/* Begin PBXFileReference section */
		EA01FE201943B49300A2224B /* SpeakSwift.app */ = {isa = PBXFileReference; explicitFileType = wrapper.application; includeInIndex = 0; path = SpeakSwift.app; sourceTree = BUILT_PRODUCTS_DIR; };
		EA01FE241943B49300A2224B /* Info.plist */ = {isa = PBXFileReference; lastKnownFileType = text.plist.xml; path = Info.plist; sourceTree = "<group>"; };
		EA01FE251943B49300A2224B /* AppDelegate.swift */ = {isa = PBXFileReference; lastKnownFileType = sourcecode.swift; path = AppDelegate.swift; sourceTree = "<group>"; };
		EA01FE2A1943B49300A2224B /* Base */ = {isa = PBXFileReference; lastKnownFileType = file.storyboard; name = Base; path = Base.lproj/Main.storyboard; sourceTree = "<group>"; };
		EA01FE2C1943B49300A2224B /* Images.xcassets */ = {isa = PBXFileReference; lastKnownFileType = folder.assetcatalog; path = Images.xcassets; sourceTree = "<group>"; };
		EA01FE321943B49300A2224B /* SpeakSwiftTests.xctest */ = {isa = PBXFileReference; explicitFileType = wrapper.cfbundle; includeInIndex = 0; path = SpeakSwiftTests.xctest; sourceTree = BUILT_PRODUCTS_DIR; };
		EA01FE371943B49300A2224B /* Info.plist */ = {isa = PBXFileReference; lastKnownFileType = text.plist.xml; path = Info.plist; sourceTree = "<group>"; };
		EA01FE381943B49300A2224B /* SpeakSwiftTests.swift */ = {isa = PBXFileReference; lastKnownFileType = sourcecode.swift; path = SpeakSwiftTests.swift; sourceTree = "<group>"; };
		EA01FE441943B66B00A2224B /* SSMainViewController.swift */ = {isa = PBXFileReference; fileEncoding = 4; lastKnownFileType = sourcecode.swift; path = SSMainViewController.swift; sourceTree = "<group>"; };
		EA01FE461943B69B00A2224B /* SSRootNavigationController.swift */ = {isa = PBXFileReference; fileEncoding = 4; lastKnownFileType = sourcecode.swift; path = SSRootNavigationController.swift; sourceTree = "<group>"; };
		EA327A931943D43C008F3BC3 /* SSDataManager.swift */ = {isa = PBXFileReference; fileEncoding = 4; lastKnownFileType = sourcecode.swift; path = SSDataManager.swift; sourceTree = "<group>"; };
		EA327A951943D7CD008F3BC3 /* SSSpeechObject.swift */ = {isa = PBXFileReference; fileEncoding = 4; lastKnownFileType = sourcecode.swift; path = SSSpeechObject.swift; sourceTree = "<group>"; };
		EA327AC51945FD66008F3BC3 /* SSSpeechManager.swift */ = {isa = PBXFileReference; fileEncoding = 4; lastKnownFileType = sourcecode.swift; path = SSSpeechManager.swift; sourceTree = "<group>"; };
		EA327AC719460FA2008F3BC3 /* SSSavedSpeechObjectsTableViewController.swift */ = {isa = PBXFileReference; fileEncoding = 4; lastKnownFileType = sourcecode.swift; path = SSSavedSpeechObjectsTableViewController.swift; sourceTree = "<group>"; };
		EA40CD2C194930620033D0E1 /* SSSavedSpeechTableViewCell.swift */ = {isa = PBXFileReference; fileEncoding = 4; lastKnownFileType = sourcecode.swift; path = SSSavedSpeechTableViewCell.swift; sourceTree = "<group>"; };
		EA90E6151950F34000E05D2E /* UIViewPositioningExtension.swift */ = {isa = PBXFileReference; fileEncoding = 4; lastKnownFileType = sourcecode.swift; path = UIViewPositioningExtension.swift; sourceTree = "<group>"; };
/* End PBXFileReference section */

/* Begin PBXFrameworksBuildPhase section */
		EA01FE1D1943B49300A2224B /* Frameworks */ = {
			isa = PBXFrameworksBuildPhase;
			buildActionMask = 2147483647;
			files = (
			);
			runOnlyForDeploymentPostprocessing = 0;
		};
		EA01FE2F1943B49300A2224B /* Frameworks */ = {
			isa = PBXFrameworksBuildPhase;
			buildActionMask = 2147483647;
			files = (
			);
			runOnlyForDeploymentPostprocessing = 0;
		};
/* End PBXFrameworksBuildPhase section */

/* Begin PBXGroup section */
		EA01FE171943B49300A2224B = {
			isa = PBXGroup;
			children = (
				EA01FE221943B49300A2224B /* SpeakSwift */,
				EA01FE351943B49300A2224B /* SpeakSwiftTests */,
				EA01FE211943B49300A2224B /* Products */,
			);
			sourceTree = "<group>";
		};
		EA01FE211943B49300A2224B /* Products */ = {
			isa = PBXGroup;
			children = (
				EA01FE201943B49300A2224B /* SpeakSwift.app */,
				EA01FE321943B49300A2224B /* SpeakSwiftTests.xctest */,
			);
			name = Products;
			sourceTree = "<group>";
		};
		EA01FE221943B49300A2224B /* SpeakSwift */ = {
			isa = PBXGroup;
			children = (
				EA01FE291943B49300A2224B /* Main.storyboard */,
				EA01FE2C1943B49300A2224B /* Images.xcassets */,
				EA01FE251943B49300A2224B /* AppDelegate.swift */,
				EA01FE461943B69B00A2224B /* SSRootNavigationController.swift */,
				EA01FE441943B66B00A2224B /* SSMainViewController.swift */,
				EA327A931943D43C008F3BC3 /* SSDataManager.swift */,
				EA327A951943D7CD008F3BC3 /* SSSpeechObject.swift */,
				EA327AC51945FD66008F3BC3 /* SSSpeechManager.swift */,
				EA327AC719460FA2008F3BC3 /* SSSavedSpeechObjectsTableViewController.swift */,
				EA40CD2C194930620033D0E1 /* SSSavedSpeechTableViewCell.swift */,
				EA90E6171950F57900E05D2E /* UIView Positioning Extension */,
				EA01FE231943B49300A2224B /* Supporting Files */,
			);
			path = SpeakSwift;
			sourceTree = "<group>";
		};
		EA01FE231943B49300A2224B /* Supporting Files */ = {
			isa = PBXGroup;
			children = (
				EA01FE241943B49300A2224B /* Info.plist */,
			);
			name = "Supporting Files";
			sourceTree = "<group>";
		};
		EA01FE351943B49300A2224B /* SpeakSwiftTests */ = {
			isa = PBXGroup;
			children = (
				EA01FE381943B49300A2224B /* SpeakSwiftTests.swift */,
				EA01FE361943B49300A2224B /* Supporting Files */,
			);
			path = SpeakSwiftTests;
			sourceTree = "<group>";
		};
		EA01FE361943B49300A2224B /* Supporting Files */ = {
			isa = PBXGroup;
			children = (
				EA01FE371943B49300A2224B /* Info.plist */,
			);
			name = "Supporting Files";
			sourceTree = "<group>";
		};
		EA90E6171950F57900E05D2E /* UIView Positioning Extension */ = {
			isa = PBXGroup;
			children = (
				EA90E6151950F34000E05D2E /* UIViewPositioningExtension.swift */,
			);
			name = "UIView Positioning Extension";
			sourceTree = "<group>";
		};
/* End PBXGroup section */

/* Begin PBXNativeTarget section */
		EA01FE1F1943B49300A2224B /* SpeakSwift */ = {
			isa = PBXNativeTarget;
			buildConfigurationList = EA01FE3C1943B49300A2224B /* Build configuration list for PBXNativeTarget "SpeakSwift" */;
			buildPhases = (
				EA01FE1C1943B49300A2224B /* Sources */,
				EA01FE1D1943B49300A2224B /* Frameworks */,
				EA01FE1E1943B49300A2224B /* Resources */,
			);
			buildRules = (
			);
			dependencies = (
			);
			name = SpeakSwift;
			productName = SpeakSwift;
			productReference = EA01FE201943B49300A2224B /* SpeakSwift.app */;
			productType = "com.apple.product-type.application";
		};
		EA01FE311943B49300A2224B /* SpeakSwiftTests */ = {
			isa = PBXNativeTarget;
			buildConfigurationList = EA01FE3F1943B49300A2224B /* Build configuration list for PBXNativeTarget "SpeakSwiftTests" */;
			buildPhases = (
				EA01FE2E1943B49300A2224B /* Sources */,
				EA01FE2F1943B49300A2224B /* Frameworks */,
				EA01FE301943B49300A2224B /* Resources */,
			);
			buildRules = (
			);
			dependencies = (
				EA01FE341943B49300A2224B /* PBXTargetDependency */,
			);
			name = SpeakSwiftTests;
			productName = SpeakSwiftTests;
			productReference = EA01FE321943B49300A2224B /* SpeakSwiftTests.xctest */;
			productType = "com.apple.product-type.bundle.unit-test";
		};
/* End PBXNativeTarget section */

/* Begin PBXProject section */
		EA01FE181943B49300A2224B /* Project object */ = {
			isa = PBXProject;
			attributes = {
				CLASSPREFIX = SS;
				LastUpgradeCheck = 0600;
				ORGANIZATIONNAME = "Appify Media";
				TargetAttributes = {
					EA01FE1F1943B49300A2224B = {
						CreatedOnToolsVersion = 6.0;
						DevelopmentTeam = 36HPV94EE2;
					};
					EA01FE311943B49300A2224B = {
						CreatedOnToolsVersion = 6.0;
						TestTargetID = EA01FE1F1943B49300A2224B;
					};
				};
			};
			buildConfigurationList = EA01FE1B1943B49300A2224B /* Build configuration list for PBXProject "SpeakSwift" */;
			compatibilityVersion = "Xcode 3.2";
			developmentRegion = English;
			hasScannedForEncodings = 0;
			knownRegions = (
				en,
				Base,
			);
			mainGroup = EA01FE171943B49300A2224B;
			productRefGroup = EA01FE211943B49300A2224B /* Products */;
			projectDirPath = "";
			projectRoot = "";
			targets = (
				EA01FE1F1943B49300A2224B /* SpeakSwift */,
				EA01FE311943B49300A2224B /* SpeakSwiftTests */,
			);
		};
/* End PBXProject section */

/* Begin PBXResourcesBuildPhase section */
		EA01FE1E1943B49300A2224B /* Resources */ = {
			isa = PBXResourcesBuildPhase;
			buildActionMask = 2147483647;
			files = (
				EA01FE2B1943B49300A2224B /* Main.storyboard in Resources */,
				EA01FE2D1943B49300A2224B /* Images.xcassets in Resources */,
			);
			runOnlyForDeploymentPostprocessing = 0;
		};
		EA01FE301943B49300A2224B /* Resources */ = {
			isa = PBXResourcesBuildPhase;
			buildActionMask = 2147483647;
			files = (
			);
			runOnlyForDeploymentPostprocessing = 0;
		};
/* End PBXResourcesBuildPhase section */

/* Begin PBXSourcesBuildPhase section */
		EA01FE1C1943B49300A2224B /* Sources */ = {
			isa = PBXSourcesBuildPhase;
			buildActionMask = 2147483647;
			files = (
				EA327A941943D43C008F3BC3 /* SSDataManager.swift in Sources */,
				EA327AC819460FA2008F3BC3 /* SSSavedSpeechObjectsTableViewController.swift in Sources */,
				EA01FE261943B49300A2224B /* AppDelegate.swift in Sources */,
				EA327AC61945FD66008F3BC3 /* SSSpeechManager.swift in Sources */,
				EA40CD2D194930620033D0E1 /* SSSavedSpeechTableViewCell.swift in Sources */,
				EA01FE471943B69B00A2224B /* SSRootNavigationController.swift in Sources */,
				EA327A961943D7CE008F3BC3 /* SSSpeechObject.swift in Sources */,
				EA90E6161950F34000E05D2E /* UIViewPositioningExtension.swift in Sources */,
				EA01FE451943B66B00A2224B /* SSMainViewController.swift in Sources */,
			);
			runOnlyForDeploymentPostprocessing = 0;
		};
		EA01FE2E1943B49300A2224B /* Sources */ = {
			isa = PBXSourcesBuildPhase;
			buildActionMask = 2147483647;
			files = (
				EA01FE391943B49300A2224B /* SpeakSwiftTests.swift in Sources */,
			);
			runOnlyForDeploymentPostprocessing = 0;
		};
/* End PBXSourcesBuildPhase section */

/* Begin PBXTargetDependency section */
		EA01FE341943B49300A2224B /* PBXTargetDependency */ = {
			isa = PBXTargetDependency;
			target = EA01FE1F1943B49300A2224B /* SpeakSwift */;
			targetProxy = EA01FE331943B49300A2224B /* PBXContainerItemProxy */;
		};
/* End PBXTargetDependency section */

/* Begin PBXVariantGroup section */
		EA01FE291943B49300A2224B /* Main.storyboard */ = {
			isa = PBXVariantGroup;
			children = (
				EA01FE2A1943B49300A2224B /* Base */,
			);
			name = Main.storyboard;
			sourceTree = "<group>";
		};
/* End PBXVariantGroup section */

/* Begin XCBuildConfiguration section */
		EA01FE3A1943B49300A2224B /* Debug */ = {
			isa = XCBuildConfiguration;
			buildSettings = {
				ALWAYS_SEARCH_USER_PATHS = NO;
				CLANG_CXX_LANGUAGE_STANDARD = "gnu++0x";
				CLANG_CXX_LIBRARY = "libc++";
				CLANG_ENABLE_MODULES = YES;
				CLANG_ENABLE_OBJC_ARC = YES;
				CLANG_WARN_BOOL_CONVERSION = YES;
				CLANG_WARN_CONSTANT_CONVERSION = YES;
				CLANG_WARN_DIRECT_OBJC_ISA_USAGE = YES_ERROR;
				CLANG_WARN_EMPTY_BODY = YES;
				CLANG_WARN_ENUM_CONVERSION = YES;
				CLANG_WARN_INT_CONVERSION = YES;
				CLANG_WARN_OBJC_ROOT_CLASS = YES_ERROR;
				CLANG_WARN_UNREACHABLE_CODE = YES;
				CLANG_WARN__DUPLICATE_METHOD_MATCH = YES;
				"CODE_SIGN_IDENTITY[sdk=iphoneos*]" = "iPhone Developer";
				COPY_PHASE_STRIP = NO;
				ENABLE_STRICT_OBJC_MSGSEND = YES;
				GCC_C_LANGUAGE_STANDARD = gnu99;
				GCC_DYNAMIC_NO_PIC = NO;
				GCC_OPTIMIZATION_LEVEL = 0;
				GCC_PREPROCESSOR_DEFINITIONS = (
					"DEBUG=1",
					"$(inherited)",
				);
				GCC_SYMBOLS_PRIVATE_EXTERN = NO;
				GCC_WARN_64_TO_32_BIT_CONVERSION = YES;
				GCC_WARN_ABOUT_RETURN_TYPE = YES_ERROR;
				GCC_WARN_UNDECLARED_SELECTOR = YES;
				GCC_WARN_UNINITIALIZED_AUTOS = YES_AGGRESSIVE;
				GCC_WARN_UNUSED_FUNCTION = YES;
				GCC_WARN_UNUSED_VARIABLE = YES;
				IPHONEOS_DEPLOYMENT_TARGET = 8.0;
				METAL_ENABLE_DEBUG_INFO = YES;
				ONLY_ACTIVE_ARCH = YES;
				SDKROOT = iphoneos;
				SWIFT_OPTIMIZATION_LEVEL = "-Onone";
				TARGETED_DEVICE_FAMILY = "1,2";
			};
			name = Debug;
		};
		EA01FE3B1943B49300A2224B /* Release */ = {
			isa = XCBuildConfiguration;
			buildSettings = {
				ALWAYS_SEARCH_USER_PATHS = NO;
				CLANG_CXX_LANGUAGE_STANDARD = "gnu++0x";
				CLANG_CXX_LIBRARY = "libc++";
				CLANG_ENABLE_MODULES = YES;
				CLANG_ENABLE_OBJC_ARC = YES;
				CLANG_WARN_BOOL_CONVERSION = YES;
				CLANG_WARN_CONSTANT_CONVERSION = YES;
				CLANG_WARN_DIRECT_OBJC_ISA_USAGE = YES_ERROR;
				CLANG_WARN_EMPTY_BODY = YES;
				CLANG_WARN_ENUM_CONVERSION = YES;
				CLANG_WARN_INT_CONVERSION = YES;
				CLANG_WARN_OBJC_ROOT_CLASS = YES_ERROR;
				CLANG_WARN_UNREACHABLE_CODE = YES;
				CLANG_WARN__DUPLICATE_METHOD_MATCH = YES;
				"CODE_SIGN_IDENTITY[sdk=iphoneos*]" = "iPhone Developer";
				COPY_PHASE_STRIP = YES;
				ENABLE_NS_ASSERTIONS = NO;
				ENABLE_STRICT_OBJC_MSGSEND = YES;
				GCC_C_LANGUAGE_STANDARD = gnu99;
				GCC_WARN_64_TO_32_BIT_CONVERSION = YES;
				GCC_WARN_ABOUT_RETURN_TYPE = YES_ERROR;
				GCC_WARN_UNDECLARED_SELECTOR = YES;
				GCC_WARN_UNINITIALIZED_AUTOS = YES_AGGRESSIVE;
				GCC_WARN_UNUSED_FUNCTION = YES;
				GCC_WARN_UNUSED_VARIABLE = YES;
				IPHONEOS_DEPLOYMENT_TARGET = 8.0;
				METAL_ENABLE_DEBUG_INFO = NO;
				SDKROOT = iphoneos;
				TARGETED_DEVICE_FAMILY = "1,2";
				VALIDATE_PRODUCT = YES;
			};
			name = Release;
		};
		EA01FE3D1943B49300A2224B /* Debug */ = {
			isa = XCBuildConfiguration;
			buildSettings = {
				ASSETCATALOG_COMPILER_APPICON_NAME = AppIcon;
				ASSETCATALOG_COMPILER_LAUNCHIMAGE_NAME = LaunchImage;
				CODE_SIGN_IDENTITY = "iPhone Developer";
				INFOPLIST_FILE = SpeakSwift/Info.plist;
				IPHONEOS_DEPLOYMENT_TARGET = 7.0;
				LD_RUNPATH_SEARCH_PATHS = "$(inherited) @executable_path/Frameworks";
				PRODUCT_NAME = "$(TARGET_NAME)";
			};
			name = Debug;
		};
		EA01FE3E1943B49300A2224B /* Release */ = {
			isa = XCBuildConfiguration;
			buildSettings = {
				ASSETCATALOG_COMPILER_APPICON_NAME = AppIcon;
				ASSETCATALOG_COMPILER_LAUNCHIMAGE_NAME = LaunchImage;
				CODE_SIGN_IDENTITY = "iPhone Developer";
				INFOPLIST_FILE = SpeakSwift/Info.plist;
				IPHONEOS_DEPLOYMENT_TARGET = 7.0;
				LD_RUNPATH_SEARCH_PATHS = "$(inherited) @executable_path/Frameworks";
				PRODUCT_NAME = "$(TARGET_NAME)";
			};
			name = Release;
		};
		EA01FE401943B49300A2224B /* Debug */ = {
			isa = XCBuildConfiguration;
			buildSettings = {
				BUNDLE_LOADER = "$(BUILT_PRODUCTS_DIR)/SpeakSwift.app/SpeakSwift";
				FRAMEWORK_SEARCH_PATHS = (
					"$(SDKROOT)/Developer/Library/Frameworks",
					"$(inherited)",
				);
				GCC_PREPROCESSOR_DEFINITIONS = (
					"DEBUG=1",
					"$(inherited)",
				);
				INFOPLIST_FILE = SpeakSwiftTests/Info.plist;
				LD_RUNPATH_SEARCH_PATHS = "$(inherited) @executable_path/Frameworks @loader_path/Frameworks";
				METAL_ENABLE_DEBUG_INFO = YES;
				PRODUCT_NAME = "$(TARGET_NAME)";
				TEST_HOST = "$(BUNDLE_LOADER)";
			};
			name = Debug;
		};
		EA01FE411943B49300A2224B /* Release */ = {
			isa = XCBuildConfiguration;
			buildSettings = {
				BUNDLE_LOADER = "$(BUILT_PRODUCTS_DIR)/SpeakSwift.app/SpeakSwift";
				FRAMEWORK_SEARCH_PATHS = (
					"$(SDKROOT)/Developer/Library/Frameworks",
					"$(inherited)",
				);
				INFOPLIST_FILE = SpeakSwiftTests/Info.plist;
				LD_RUNPATH_SEARCH_PATHS = "$(inherited) @executable_path/Frameworks @loader_path/Frameworks";
				METAL_ENABLE_DEBUG_INFO = NO;
				PRODUCT_NAME = "$(TARGET_NAME)";
				TEST_HOST = "$(BUNDLE_LOADER)";
			};
			name = Release;
		};
/* End XCBuildConfiguration section */

/* Begin XCConfigurationList section */
		EA01FE1B1943B49300A2224B /* Build configuration list for PBXProject "SpeakSwift" */ = {
			isa = XCConfigurationList;
			buildConfigurations = (
				EA01FE3A1943B49300A2224B /* Debug */,
				EA01FE3B1943B49300A2224B /* Release */,
			);
			defaultConfigurationIsVisible = 0;
			defaultConfigurationName = Release;
		};
		EA01FE3C1943B49300A2224B /* Build configuration list for PBXNativeTarget "SpeakSwift" */ = {
			isa = XCConfigurationList;
			buildConfigurations = (
				EA01FE3D1943B49300A2224B /* Debug */,
				EA01FE3E1943B49300A2224B /* Release */,
			);
			defaultConfigurationIsVisible = 0;
			defaultConfigurationName = Release;
		};
		EA01FE3F1943B49300A2224B /* Build configuration list for PBXNativeTarget "SpeakSwiftTests" */ = {
			isa = XCConfigurationList;
			buildConfigurations = (
				EA01FE401943B49300A2224B /* Debug */,
				EA01FE411943B49300A2224B /* Release */,
			);
			defaultConfigurationIsVisible = 0;
			defaultConfigurationName = Release;
		};
/* End XCConfigurationList section */
	};
	rootObject = EA01FE181943B49300A2224B /* Project object */;
}
